
Microsoft Visual Studio Solution File, Format Version 12.00
# Visual Studio 15
Project("{FAE04EC0-301F-11D3-BF4B-00C04F79EFBC}") = "CountriesUseAjax", "CountriesUseAjax\CountriesUseAjax.csproj", "{BAAB0B52-EA67-4FB0-B0DB-ED7AA6C62332}"
EndProject
Global
	GlobalSection(SolutionConfigurationPlatforms) = preSolution
		Debug|Any CPU = Debug|Any CPU
		Release|Any CPU = Release|Any CPU
	EndGlobalSection
	GlobalSection(ProjectConfigurationPlatforms) = postSolution
		{BAAB0B52-EA67-4FB0-B0DB-ED7AA6C62332}.Debug|Any CPU.ActiveCfg = Debug|Any CPU
		{BAAB0B52-EA67-4FB0-B0DB-ED7AA6C62332}.Debug|Any CPU.Build.0 = Debug|Any CPU
		{BAAB0B52-EA67-4FB0-B0DB-ED7AA6C62332}.Release|Any CPU.ActiveCfg = Release|Any CPU
		{BAAB0B52-EA67-4FB0-B0DB-ED7AA6C62332}.Release|Any CPU.Build.0 = Release|Any CPU
	EndGlobalSection
EndGlobal
